
Microsoft Visual Studio Solution File, Format Version 12.00
# Visual Studio 15
VisualStudioVersion = 15.0.28307.539
MinimumVisualStudioVersion = 10.0.40219.1
Project("{FAE04EC0-301F-11D3-BF4B-00C04F79EFBC}") = "TimelinePulse.Android", "TimelinePulse\TimelinePulse.Android\TimelinePulse.Android.csproj", "{41437C37-50FB-4D03-9C4B-083B936A6E28}"
EndProject
Project("{FAE04EC0-301F-11D3-BF4B-00C04F79EFBC}") = "TimelinePulse.iOS", "TimelinePulse\TimelinePulse.iOS\TimelinePulse.iOS.csproj", "{DA923643-B591-46A6-8015-89C260B2031B}"
EndProject
Project("{FAE04EC0-301F-11D3-BF4B-00C04F79EFBC}") = "TimelinePulse", "TimelinePulse\TimelinePulse\TimelinePulse.csproj", "{E9C21F18-1005-4E5F-AEB0-8DB40673323F}"
EndProject
Global
	GlobalSection(SolutionConfigurationPlatforms) = preSolution
		Ad-Hoc|Any CPU = Ad-Hoc|Any CPU
		Ad-Hoc|ARM = Ad-Hoc|ARM
		Ad-Hoc|iPhone = Ad-Hoc|iPhone
		Ad-Hoc|iPhoneSimulator = Ad-Hoc|iPhoneSimulator
		Ad-Hoc|x64 = Ad-Hoc|x64
		Ad-Hoc|x86 = Ad-Hoc|x86
		AppStore|Any CPU = AppStore|Any CPU
		AppStore|ARM = AppStore|ARM
		AppStore|iPhone = AppStore|iPhone
		AppStore|iPhoneSimulator = AppStore|iPhoneSimulator
		AppStore|x64 = AppStore|x64
		AppStore|x86 = AppStore|x86
		Debug|Any CPU = Debug|Any CPU
		Debug|ARM = Debug|ARM
		Debug|iPhone = Debug|iPhone
		Debug|iPhoneSimulator = Debug|iPhoneSimulator
		Debug|x64 = Debug|x64
		Debug|x86 = Debug|x86
		Release|Any CPU = Release|Any CPU
		Release|ARM = Release|ARM
		Release|iPhone = Release|iPhone
		Release|iPhoneSimulator = Release|iPhoneSimulator
		Release|x64 = Release|x64
		Release|x86 = Release|x86
	EndGlobalSection
	GlobalSection(ProjectConfigurationPlatforms) = postSolution
		{41437C37-50FB-4D03-9C4B-083B936A6E28}.Ad-Hoc|Any CPU.ActiveCfg = Release|Any CPU
		{41437C37-50FB-4D03-9C4B-083B936A6E28}.Ad-Hoc|Any CPU.Build.0 = Release|Any CPU
		{41437C37-50FB-4D03-9C4B-083B936A6E28}.Ad-Hoc|Any CPU.Deploy.0 = Release|Any CPU
		{41437C37-50FB-4D03-9C4B-083B936A6E28}.Ad-Hoc|ARM.ActiveCfg = Release|Any CPU
		{41437C37-50FB-4D03-9C4B-083B936A6E28}.Ad-Hoc|ARM.Build.0 = Release|Any CPU
		{41437C37-50FB-4D03-9C4B-083B936A6E28}.Ad-Hoc|ARM.Deploy.0 = Release|Any CPU
		{41437C37-50FB-4D03-9C4B-083B936A6E28}.Ad-Hoc|iPhone.ActiveCfg = Release|Any CPU
		{41437C37-50FB-4D03-9C4B-083B936A6E28}.Ad-Hoc|iPhone.Build.0 = Release|Any CPU
		{41437C37-50FB-4D03-9C4B-083B936A6E28}.Ad-Hoc|iPhone.Deploy.0 = Release|Any CPU
		{41437C37-50FB-4D03-9C4B-083B936A6E28}.Ad-Hoc|iPhoneSimulator.ActiveCfg = Release|Any CPU
		{41437C37-50FB-4D03-9C4B-083B936A6E28}.Ad-Hoc|iPhoneSimulator.Build.0 = Release|Any CPU
		{41437C37-50FB-4D03-9C4B-083B936A6E28}.Ad-Hoc|iPhoneSimulator.Deploy.0 = Release|Any CPU
		{41437C37-50FB-4D03-9C4B-083B936A6E28}.Ad-Hoc|x64.ActiveCfg = Release|Any CPU
		{41437C37-50FB-4D03-9C4B-083B936A6E28}.Ad-Hoc|x64.Build.0 = Release|Any CPU
		{41437C37-50FB-4D03-9C4B-083B936A6E28}.Ad-Hoc|x64.Deploy.0 = Release|Any CPU
		{41437C37-50FB-4D03-9C4B-083B936A6E28}.Ad-Hoc|x86.ActiveCfg = Release|Any CPU
		{41437C37-50FB-4D03-9C4B-083B936A6E28}.Ad-Hoc|x86.Build.0 = Release|Any CPU
		{41437C37-50FB-4D03-9C4B-083B936A6E28}.Ad-Hoc|x86.Deploy.0 = Release|Any CPU
		{41437C37-50FB-4D03-9C4B-083B936A6E28}.AppStore|Any CPU.ActiveCfg = Release|Any CPU
		{41437C37-50FB-4D03-9C4B-083B936A6E28}.AppStore|Any CPU.Build.0 = Release|Any CPU
		{41437C37-50FB-4D03-9C4B-083B936A6E28}.AppStore|Any CPU.Deploy.0 = Release|Any CPU
		{41437C37-50FB-4D03-9C4B-083B936A6E28}.AppStore|ARM.ActiveCfg = Release|Any CPU
		{41437C37-50FB-4D03-9C4B-083B936A6E28}.AppStore|ARM.Build.0 = Release|Any CPU
		{41437C37-50FB-4D03-9C4B-083B936A6E28}.AppStore|ARM.Deploy.0 = Release|Any CPU
		{41437C37-50FB-4D03-9C4B-083B936A6E28}.AppStore|iPhone.ActiveCfg = Release|Any CPU
		{41437C37-50FB-4D03-9C4B-083B936A6E28}.AppStore|iPhone.Build.0 = Release|Any CPU
		{41437C37-50FB-4D03-9C4B-083B936A6E28}.AppStore|iPhone.Deploy.0 = Release|Any CPU
		{41437C37-50FB-4D03-9C4B-083B936A6E28}.AppStore|iPhoneSimulator.ActiveCfg = Release|Any CPU
		{41437C37-50FB-4D03-9C4B-083B936A6E28}.AppStore|iPhoneSimulator.Build.0 = Release|Any CPU
		{41437C37-50FB-4D03-9C4B-083B936A6E28}.AppStore|iPhoneSimulator.Deploy.0 = Release|Any CPU
		{41437C37-50FB-4D03-9C4B-083B936A6E28}.AppStore|x64.ActiveCfg = Release|Any CPU
		{41437C37-50FB-4D03-9C4B-083B936A6E28}.AppStore|x64.Build.0 = Release|Any CPU
		{41437C37-50FB-4D03-9C4B-083B936A6E28}.AppStore|x64.Deploy.0 = Release|Any CPU
		{41437C37-50FB-4D03-9C4B-083B936A6E28}.AppStore|x86.ActiveCfg = Release|Any CPU
		{41437C37-50FB-4D03-9C4B-083B936A6E28}.AppStore|x86.Build.0 = Release|Any CPU
		{41437C37-50FB-4D03-9C4B-083B936A6E28}.AppStore|x86.Deploy.0 = Release|Any CPU
		{41437C37-50FB-4D03-9C4B-083B936A6E28}.Debug|Any CPU.ActiveCfg = Debug|Any CPU
		{41437C37-50FB-4D03-9C4B-083B936A6E28}.Debug|Any CPU.Build.0 = Debug|Any CPU
		{41437C37-50FB-4D03-9C4B-083B936A6E28}.Debug|Any CPU.Deploy.0 = Debug|Any CPU
		{41437C37-50FB-4D03-9C4B-083B936A6E28}.Debug|ARM.ActiveCfg = Debug|Any CPU
		{41437C37-50FB-4D03-9C4B-083B936A6E28}.Debug|ARM.Build.0 = Debug|Any CPU
		{41437C37-50FB-4D03-9C4B-083B936A6E28}.Debug|ARM.Deploy.0 = Debug|Any CPU
		{41437C37-50FB-4D03-9C4B-083B936A6E28}.Debug|iPhone.ActiveCfg = Debug|Any CPU
		{41437C37-50FB-4D03-9C4B-083B936A6E28}.Debug|iPhone.Build.0 = Debug|Any CPU
		{41437C37-50FB-4D03-9C4B-083B936A6E28}.Debug|iPhone.Deploy.0 = Debug|Any CPU
		{41437C37-50FB-4D03-9C4B-083B936A6E28}.Debug|iPhoneSimulator.ActiveCfg = Debug|Any CPU
		{41437C37-50FB-4D03-9C4B-083B936A6E28}.Debug|iPhoneSimulator.Build.0 = Debug|Any CPU
		{41437C37-50FB-4D03-9C4B-083B936A6E28}.Debug|iPhoneSimulator.Deploy.0 = Debug|Any CPU
		{41437C37-50FB-4D03-9C4B-083B936A6E28}.Debug|x64.ActiveCfg = Debug|Any CPU
		{41437C37-50FB-4D03-9C4B-083B936A6E28}.Debug|x64.Build.0 = Debug|Any CPU
		{41437C37-50FB-4D03-9C4B-083B936A6E28}.Debug|x64.Deploy.0 = Debug|Any CPU
		{41437C37-50FB-4D03-9C4B-083B936A6E28}.Debug|x86.ActiveCfg = Debug|Any CPU
		{41437C37-50FB-4D03-9C4B-083B936A6E28}.Debug|x86.Build.0 = Debug|Any CPU
		{41437C37-50FB-4D03-9C4B-083B936A6E28}.Debug|x86.Deploy.0 = Debug|Any CPU
		{41437C37-50FB-4D03-9C4B-083B936A6E28}.Release|Any CPU.ActiveCfg = Release|Any CPU
		{41437C37-50FB-4D03-9C4B-083B936A6E28}.Release|Any CPU.Build.0 = Release|Any CPU
		{41437C37-50FB-4D03-9C4B-083B936A6E28}.Release|Any CPU.Deploy.0 = Release|Any CPU
		{41437C37-50FB-4D03-9C4B-083B936A6E28}.Release|ARM.ActiveCfg = Release|Any CPU
		{41437C37-50FB-4D03-9C4B-083B936A6E28}.Release|ARM.Build.0 = Release|Any CPU
		{41437C37-50FB-4D03-9C4B-083B936A6E28}.Release|ARM.Deploy.0 = Release|Any CPU
		{41437C37-50FB-4D03-9C4B-083B936A6E28}.Release|iPhone.ActiveCfg = Release|Any CPU
		{41437C37-50FB-4D03-9C4B-083B936A6E28}.Release|iPhone.Build.0 = Release|Any CPU
		{41437C37-50FB-4D03-9C4B-083B936A6E28}.Release|iPhone.Deploy.0 = Release|Any CPU
		{41437C37-50FB-4D03-9C4B-083B936A6E28}.Release|iPhoneSimulator.ActiveCfg = Release|Any CPU
		{41437C37-50FB-4D03-9C4B-083B936A6E28}.Release|iPhoneSimulator.Build.0 = Release|Any CPU
		{41437C37-50FB-4D03-9C4B-083B936A6E28}.Release|iPhoneSimulator.Deploy.0 = Release|Any CPU
		{41437C37-50FB-4D03-9C4B-083B936A6E28}.Release|x64.ActiveCfg = Release|Any CPU
		{41437C37-50FB-4D03-9C4B-083B936A6E28}.Release|x64.Build.0 = Release|Any CPU
		{41437C37-50FB-4D03-9C4B-083B936A6E28}.Release|x64.Deploy.0 = Release|Any CPU
		{41437C37-50FB-4D03-9C4B-083B936A6E28}.Release|x86.ActiveCfg = Release|Any CPU
		{41437C37-50FB-4D03-9C4B-083B936A6E28}.Release|x86.Build.0 = Release|Any CPU
		{41437C37-50FB-4D03-9C4B-083B936A6E28}.Release|x86.Deploy.0 = Release|Any CPU
		{DA923643-B591-46A6-8015-89C260B2031B}.Ad-Hoc|Any CPU.ActiveCfg = Ad-Hoc|iPhone
		{DA923643-B591-46A6-8015-89C260B2031B}.Ad-Hoc|Any CPU.Build.0 = Ad-Hoc|iPhone
		{DA923643-B591-46A6-8015-89C260B2031B}.Ad-Hoc|Any CPU.Deploy.0 = Ad-Hoc|iPhone
		{DA923643-B591-46A6-8015-89C260B2031B}.Ad-Hoc|ARM.ActiveCfg = Ad-Hoc|iPhone
		{DA923643-B591-46A6-8015-89C260B2031B}.Ad-Hoc|ARM.Build.0 = Ad-Hoc|iPhone
		{DA923643-B591-46A6-8015-89C260B2031B}.Ad-Hoc|ARM.Deploy.0 = Ad-Hoc|iPhone
		{DA923643-B591-46A6-8015-89C260B2031B}.Ad-Hoc|iPhone.ActiveCfg = Ad-Hoc|iPhone
		{DA923643-B591-46A6-8015-89C260B2031B}.Ad-Hoc|iPhone.Build.0 = Ad-Hoc|iPhone
		{DA923643-B591-46A6-8015-89C260B2031B}.Ad-Hoc|iPhone.Deploy.0 = Ad-Hoc|iPhone
		{DA923643-B591-46A6-8015-89C260B2031B}.Ad-Hoc|iPhoneSimulator.ActiveCfg = Ad-Hoc|iPhoneSimulator
		{DA923643-B591-46A6-8015-89C260B2031B}.Ad-Hoc|iPhoneSimulator.Build.0 = Ad-Hoc|iPhoneSimulator
		{DA923643-B591-46A6-8015-89C260B2031B}.Ad-Hoc|iPhoneSimulator.Deploy.0 = Ad-Hoc|iPhoneSimulator
		{DA923643-B591-46A6-8015-89C260B2031B}.Ad-Hoc|x64.ActiveCfg = Ad-Hoc|iPhone
		{DA923643-B591-46A6-8015-89C260B2031B}.Ad-Hoc|x64.Build.0 = Ad-Hoc|iPhone
		{DA923643-B591-46A6-8015-89C260B2031B}.Ad-Hoc|x64.Deploy.0 = Ad-Hoc|iPhone
		{DA923643-B591-46A6-8015-89C260B2031B}.Ad-Hoc|x86.ActiveCfg = Ad-Hoc|iPhone
		{DA923643-B591-46A6-8015-89C260B2031B}.Ad-Hoc|x86.Build.0 = Ad-Hoc|iPhone
		{DA923643-B591-46A6-8015-89C260B2031B}.Ad-Hoc|x86.Deploy.0 = Ad-Hoc|iPhone
		{DA923643-B591-46A6-8015-89C260B2031B}.AppStore|Any CPU.ActiveCfg = AppStore|iPhone
		{DA923643-B591-46A6-8015-89C260B2031B}.AppStore|Any CPU.Build.0 = AppStore|iPhone
		{DA923643-B591-46A6-8015-89C260B2031B}.AppStore|Any CPU.Deploy.0 = AppStore|iPhone
		{DA923643-B591-46A6-8015-89C260B2031B}.AppStore|ARM.ActiveCfg = AppStore|iPhone
		{DA923643-B591-46A6-8015-89C260B2031B}.AppStore|ARM.Build.0 = AppStore|iPhone
		{DA923643-B591-46A6-8015-89C260B2031B}.AppStore|ARM.Deploy.0 = AppStore|iPhone
		{DA923643-B591-46A6-8015-89C260B2031B}.AppStore|iPhone.ActiveCfg = AppStore|iPhone
		{DA923643-B591-46A6-8015-89C260B2031B}.AppStore|iPhone.Build.0 = AppStore|iPhone
		{DA923643-B591-46A6-8015-89C260B2031B}.AppStore|iPhone.Deploy.0 = AppStore|iPhone
		{DA923643-B591-46A6-8015-89C260B2031B}.AppStore|iPhoneSimulator.ActiveCfg = AppStore|iPhoneSimulator
		{DA923643-B591-46A6-8015-89C260B2031B}.AppStore|iPhoneSimulator.Build.0 = AppStore|iPhoneSimulator
		{DA923643-B591-46A6-8015-89C260B2031B}.AppStore|iPhoneSimulator.Deploy.0 = AppStore|iPhoneSimulator
		{DA923643-B591-46A6-8015-89C260B2031B}.AppStore|x64.ActiveCfg = AppStore|iPhone
		{DA923643-B591-46A6-8015-89C260B2031B}.AppStore|x64.Build.0 = AppStore|iPhone
		{DA923643-B591-46A6-8015-89C260B2031B}.AppStore|x64.Deploy.0 = AppStore|iPhone
		{DA923643-B591-46A6-8015-89C260B2031B}.AppStore|x86.ActiveCfg = AppStore|iPhone
		{DA923643-B591-46A6-8015-89C260B2031B}.AppStore|x86.Build.0 = AppStore|iPhone
		{DA923643-B591-46A6-8015-89C260B2031B}.AppStore|x86.Deploy.0 = AppStore|iPhone
		{DA923643-B591-46A6-8015-89C260B2031B}.Debug|Any CPU.ActiveCfg = Debug|iPhoneSimulator
		{DA923643-B591-46A6-8015-89C260B2031B}.Debug|Any CPU.Build.0 = Debug|iPhoneSimulator
		{DA923643-B591-46A6-8015-89C260B2031B}.Debug|Any CPU.Deploy.0 = Debug|iPhoneSimulator
		{DA923643-B591-46A6-8015-89C260B2031B}.Debug|ARM.ActiveCfg = Debug|iPhone
		{DA923643-B591-46A6-8015-89C260B2031B}.Debug|ARM.Build.0 = Debug|iPhone
		{DA923643-B591-46A6-8015-89C260B2031B}.Debug|ARM.Deploy.0 = Debug|iPhone
		{DA923643-B591-46A6-8015-89C260B2031B}.Debug|iPhone.ActiveCfg = Debug|iPhone
		{DA923643-B591-46A6-8015-89C260B2031B}.Debug|iPhone.Build.0 = Debug|iPhone
		{DA923643-B591-46A6-8015-89C260B2031B}.Debug|iPhone.Deploy.0 = Debug|iPhone
		{DA923643-B591-46A6-8015-89C260B2031B}.Debug|iPhoneSimulator.ActiveCfg = Debug|iPhoneSimulator
		{DA923643-B591-46A6-8015-89C260B2031B}.Debug|iPhoneSimulator.Build.0 = Debug|iPhoneSimulator
		{DA923643-B591-46A6-8015-89C260B2031B}.Debug|iPhoneSimulator.Deploy.0 = Debug|iPhoneSimulator
		{DA923643-B591-46A6-8015-89C260B2031B}.Debug|x64.ActiveCfg = Debug|iPhone
		{DA923643-B591-46A6-8015-89C260B2031B}.Debug|x64.Build.0 = Debug|iPhone
		{DA923643-B591-46A6-8015-89C260B2031B}.Debug|x64.Deploy.0 = Debug|iPhone
		{DA923643-B591-46A6-8015-89C260B2031B}.Debug|x86.ActiveCfg = Debug|iPhone
		{DA923643-B591-46A6-8015-89C260B2031B}.Debug|x86.Build.0 = Debug|iPhone
		{DA923643-B591-46A6-8015-89C260B2031B}.Debug|x86.Deploy.0 = Debug|iPhone
		{DA923643-B591-46A6-8015-89C260B2031B}.Release|Any CPU.ActiveCfg = Release|iPhone
		{DA923643-B591-46A6-8015-89C260B2031B}.Release|Any CPU.Build.0 = Release|iPhone
		{DA923643-B591-46A6-8015-89C260B2031B}.Release|Any CPU.Deploy.0 = Release|iPhone
		{DA923643-B591-46A6-8015-89C260B2031B}.Release|ARM.ActiveCfg = Release|iPhone
		{DA923643-B591-46A6-8015-89C260B2031B}.Release|ARM.Build.0 = Release|iPhone
		{DA923643-B591-46A6-8015-89C260B2031B}.Release|ARM.Deploy.0 = Release|iPhone
		{DA923643-B591-46A6-8015-89C260B2031B}.Release|iPhone.ActiveCfg = Release|iPhone
		{DA923643-B591-46A6-8015-89C260B2031B}.Release|iPhone.Build.0 = Release|iPhone
		{DA923643-B591-46A6-8015-89C260B2031B}.Release|iPhone.Deploy.0 = Release|iPhone
		{DA923643-B591-46A6-8015-89C260B2031B}.Release|iPhoneSimulator.ActiveCfg = Release|iPhoneSimulator
		{DA923643-B591-46A6-8015-89C260B2031B}.Release|iPhoneSimulator.Build.0 = Release|iPhoneSimulator
		{DA923643-B591-46A6-8015-89C260B2031B}.Release|iPhoneSimulator.Deploy.0 = Release|iPhoneSimulator
		{DA923643-B591-46A6-8015-89C260B2031B}.Release|x64.ActiveCfg = Release|iPhone
		{DA923643-B591-46A6-8015-89C260B2031B}.Release|x64.Build.0 = Release|iPhone
		{DA923643-B591-46A6-8015-89C260B2031B}.Release|x64.Deploy.0 = Release|iPhone
		{DA923643-B591-46A6-8015-89C260B2031B}.Release|x86.ActiveCfg = Release|iPhone
		{DA923643-B591-46A6-8015-89C260B2031B}.Release|x86.Build.0 = Release|iPhone
		{DA923643-B591-46A6-8015-89C260B2031B}.Release|x86.Deploy.0 = Release|iPhone
		{E9C21F18-1005-4E5F-AEB0-8DB40673323F}.Ad-Hoc|Any CPU.ActiveCfg = Debug|Any CPU
		{E9C21F18-1005-4E5F-AEB0-8DB40673323F}.Ad-Hoc|Any CPU.Build.0 = Debug|Any CPU
		{E9C21F18-1005-4E5F-AEB0-8DB40673323F}.Ad-Hoc|Any CPU.Deploy.0 = Debug|Any CPU
		{E9C21F18-1005-4E5F-AEB0-8DB40673323F}.Ad-Hoc|ARM.ActiveCfg = Debug|Any CPU
		{E9C21F18-1005-4E5F-AEB0-8DB40673323F}.Ad-Hoc|ARM.Build.0 = Debug|Any CPU
		{E9C21F18-1005-4E5F-AEB0-8DB40673323F}.Ad-Hoc|ARM.Deploy.0 = Debug|Any CPU
		{E9C21F18-1005-4E5F-AEB0-8DB40673323F}.Ad-Hoc|iPhone.ActiveCfg = Debug|Any CPU
		{E9C21F18-1005-4E5F-AEB0-8DB40673323F}.Ad-Hoc|iPhone.Build.0 = Debug|Any CPU
		{E9C21F18-1005-4E5F-AEB0-8DB40673323F}.Ad-Hoc|iPhone.Deploy.0 = Debug|Any CPU
		{E9C21F18-1005-4E5F-AEB0-8DB40673323F}.Ad-Hoc|iPhoneSimulator.ActiveCfg = Debug|Any CPU
		{E9C21F18-1005-4E5F-AEB0-8DB40673323F}.Ad-Hoc|iPhoneSimulator.Build.0 = Debug|Any CPU
		{E9C21F18-1005-4E5F-AEB0-8DB40673323F}.Ad-Hoc|iPhoneSimulator.Deploy.0 = Debug|Any CPU
		{E9C21F18-1005-4E5F-AEB0-8DB40673323F}.Ad-Hoc|x64.ActiveCfg = Debug|Any CPU
		{E9C21F18-1005-4E5F-AEB0-8DB40673323F}.Ad-Hoc|x64.Build.0 = Debug|Any CPU
		{E9C21F18-1005-4E5F-AEB0-8DB40673323F}.Ad-Hoc|x64.Deploy.0 = Debug|Any CPU
		{E9C21F18-1005-4E5F-AEB0-8DB40673323F}.Ad-Hoc|x86.ActiveCfg = Debug|Any CPU
		{E9C21F18-1005-4E5F-AEB0-8DB40673323F}.Ad-Hoc|x86.Build.0 = Debug|Any CPU
		{E9C21F18-1005-4E5F-AEB0-8DB40673323F}.Ad-Hoc|x86.Deploy.0 = Debug|Any CPU
		{E9C21F18-1005-4E5F-AEB0-8DB40673323F}.AppStore|Any CPU.ActiveCfg = Debug|Any CPU
		{E9C21F18-1005-4E5F-AEB0-8DB40673323F}.AppStore|Any CPU.Build.0 = Debug|Any CPU
		{E9C21F18-1005-4E5F-AEB0-8DB40673323F}.AppStore|Any CPU.Deploy.0 = Debug|Any CPU
		{E9C21F18-1005-4E5F-AEB0-8DB40673323F}.AppStore|ARM.ActiveCfg = Debug|Any CPU
		{E9C21F18-1005-4E5F-AEB0-8DB40673323F}.AppStore|ARM.Build.0 = Debug|Any CPU
		{E9C21F18-1005-4E5F-AEB0-8DB40673323F}.AppStore|ARM.Deploy.0 = Debug|Any CPU
		{E9C21F18-1005-4E5F-AEB0-8DB40673323F}.AppStore|iPhone.ActiveCfg = Debug|Any CPU
		{E9C21F18-1005-4E5F-AEB0-8DB40673323F}.AppStore|iPhone.Build.0 = Debug|Any CPU
		{E9C21F18-1005-4E5F-AEB0-8DB40673323F}.AppStore|iPhone.Deploy.0 = Debug|Any CPU
		{E9C21F18-1005-4E5F-AEB0-8DB40673323F}.AppStore|iPhoneSimulator.ActiveCfg = Debug|Any CPU
		{E9C21F18-1005-4E5F-AEB0-8DB40673323F}.AppStore|iPhoneSimulator.Build.0 = Debug|Any CPU
		{E9C21F18-1005-4E5F-AEB0-8DB40673323F}.AppStore|iPhoneSimulator.Deploy.0 = Debug|Any CPU
		{E9C21F18-1005-4E5F-AEB0-8DB40673323F}.AppStore|x64.ActiveCfg = Debug|Any CPU
		{E9C21F18-1005-4E5F-AEB0-8DB40673323F}.AppStore|x64.Build.0 = Debug|Any CPU
		{E9C21F18-1005-4E5F-AEB0-8DB40673323F}.AppStore|x64.Deploy.0 = Debug|Any CPU
		{E9C21F18-1005-4E5F-AEB0-8DB40673323F}.AppStore|x86.ActiveCfg = Debug|Any CPU
		{E9C21F18-1005-4E5F-AEB0-8DB40673323F}.AppStore|x86.Build.0 = Debug|Any CPU
		{E9C21F18-1005-4E5F-AEB0-8DB40673323F}.AppStore|x86.Deploy.0 = Debug|Any CPU
		{E9C21F18-1005-4E5F-AEB0-8DB40673323F}.Debug|Any CPU.ActiveCfg = Debug|Any CPU
		{E9C21F18-1005-4E5F-AEB0-8DB40673323F}.Debug|Any CPU.Build.0 = Debug|Any CPU
		{E9C21F18-1005-4E5F-AEB0-8DB40673323F}.Debug|Any CPU.Deploy.0 = Debug|Any CPU
		{E9C21F18-1005-4E5F-AEB0-8DB40673323F}.Debug|ARM.ActiveCfg = Debug|Any CPU
		{E9C21F18-1005-4E5F-AEB0-8DB40673323F}.Debug|ARM.Build.0 = Debug|Any CPU
		{E9C21F18-1005-4E5F-AEB0-8DB40673323F}.Debug|ARM.Deploy.0 = Debug|Any CPU
		{E9C21F18-1005-4E5F-AEB0-8DB40673323F}.Debug|iPhone.ActiveCfg = Debug|Any CPU
		{E9C21F18-1005-4E5F-AEB0-8DB40673323F}.Debug|iPhone.Build.0 = Debug|Any CPU
		{E9C21F18-1005-4E5F-AEB0-8DB40673323F}.Debug|iPhone.Deploy.0 = Debug|Any CPU
		{E9C21F18-1005-4E5F-AEB0-8DB40673323F}.Debug|iPhoneSimulator.ActiveCfg = Debug|Any CPU
		{E9C21F18-1005-4E5F-AEB0-8DB40673323F}.Debug|iPhoneSimulator.Build.0 = Debug|Any CPU
		{E9C21F18-1005-4E5F-AEB0-8DB40673323F}.Debug|iPhoneSimulator.Deploy.0 = Debug|Any CPU
		{E9C21F18-1005-4E5F-AEB0-8DB40673323F}.Debug|x64.ActiveCfg = Debug|Any CPU
		{E9C21F18-1005-4E5F-AEB0-8DB40673323F}.Debug|x64.Build.0 = Debug|Any CPU
		{E9C21F18-1005-4E5F-AEB0-8DB40673323F}.Debug|x64.Deploy.0 = Debug|Any CPU
		{E9C21F18-1005-4E5F-AEB0-8DB40673323F}.Debug|x86.ActiveCfg = Debug|Any CPU
		{E9C21F18-1005-4E5F-AEB0-8DB40673323F}.Debug|x86.Build.0 = Debug|Any CPU
		{E9C21F18-1005-4E5F-AEB0-8DB40673323F}.Debug|x86.Deploy.0 = Debug|Any CPU
		{E9C21F18-1005-4E5F-AEB0-8DB40673323F}.Release|Any CPU.ActiveCfg = Release|Any CPU
		{E9C21F18-1005-4E5F-AEB0-8DB40673323F}.Release|Any CPU.Build.0 = Release|Any CPU
		{E9C21F18-1005-4E5F-AEB0-8DB40673323F}.Release|Any CPU.Deploy.0 = Release|Any CPU
		{E9C21F18-1005-4E5F-AEB0-8DB40673323F}.Release|ARM.ActiveCfg = Release|Any CPU
		{E9C21F18-1005-4E5F-AEB0-8DB40673323F}.Release|ARM.Build.0 = Release|Any CPU
		{E9C21F18-1005-4E5F-AEB0-8DB40673323F}.Release|ARM.Deploy.0 = Release|Any CPU
		{E9C21F18-1005-4E5F-AEB0-8DB40673323F}.Release|iPhone.ActiveCfg = Release|Any CPU
		{E9C21F18-1005-4E5F-AEB0-8DB40673323F}.Release|iPhone.Build.0 = Release|Any CPU
		{E9C21F18-1005-4E5F-AEB0-8DB40673323F}.Release|iPhone.Deploy.0 = Release|Any CPU
		{E9C21F18-1005-4E5F-AEB0-8DB40673323F}.Release|iPhoneSimulator.ActiveCfg = Release|Any CPU
		{E9C21F18-1005-4E5F-AEB0-8DB40673323F}.Release|iPhoneSimulator.Build.0 = Release|Any CPU
		{E9C21F18-1005-4E5F-AEB0-8DB40673323F}.Release|iPhoneSimulator.Deploy.0 = Release|Any CPU
		{E9C21F18-1005-4E5F-AEB0-8DB40673323F}.Release|x64.ActiveCfg = Release|Any CPU
		{E9C21F18-1005-4E5F-AEB0-8DB40673323F}.Release|x64.Build.0 = Release|Any CPU
		{E9C21F18-1005-4E5F-AEB0-8DB40673323F}.Release|x64.Deploy.0 = Release|Any CPU
		{E9C21F18-1005-4E5F-AEB0-8DB40673323F}.Release|x86.ActiveCfg = Release|Any CPU
		{E9C21F18-1005-4E5F-AEB0-8DB40673323F}.Release|x86.Build.0 = Release|Any CPU
		{E9C21F18-1005-4E5F-AEB0-8DB40673323F}.Release|x86.Deploy.0 = Release|Any CPU
	EndGlobalSection
	GlobalSection(SolutionProperties) = preSolution
		HideSolutionNode = FALSE
	EndGlobalSection
	GlobalSection(ExtensibilityGlobals) = postSolution
		SolutionGuid = {6257BA0C-CBF8-49BA-8E93-C56A57B88EFC}
	EndGlobalSection
EndGlobal
